hash: 0c3a50849555e63297aacd27f08bb905bf18a623b3a2be570ee9d93476670204
updated: 2018-04-21T16:59:23.510606+02:00
imports:
- name: github.com/gorilla/websocket
  version: 21ab95fa12b9bdd8fecf5fa3586aad941cc98785
- name: github.com/hashicorp/errwrap
  version: 7554cd9344cec97297fa6649b055a8c98c2a1e55
- name: github.com/hashicorp/go-multierror
  version: b7773ae218740a7be65057fc60b366a49b538a44
- name: github.com/joek/picoborgrev
  version: 13bef8911a21cc3462bc0471093ca03514440ef1
  subpackages:
  - revtesthelpers
- name: github.com/joek/robotwebhandlers
  version: 0e57d253121fd0d2a4d5f4090d03d83bd03e2b77
  subpackages:
  - webcam
  - ws
- name: github.com/sigurn/crc8
  version: e55481d6f45c5a8f040343bace9013571dae103e
- name: github.com/sigurn/utils
  version: f19e41f79f8f006116f682c1af454591bc278ad4
- name: gobot.io/x/gobot
  version: 9f153dbce4d06717185a5c864a350c216a94ae76
  subpackages:
  - drivers/i2c
  - drivers/spi
  - platforms/raspi
  - sysfs
- name: golang.org/x/exp
  version: 072991165226c11c888c881218850e8318c2b32e
  subpackages:
  - io/spi
  - io/spi/driver
testImports:
- name: github.com/onsi/ginkgo
  version: 9eda700730cba42af70d53180f9dcce9266bc2bc
  subpackages:
  - config
  - internal/codelocation
  - internal/containernode
  - internal/failer
  - internal/leafnodes
  - internal/remote
  - internal/spec
  - internal/spec_iterator
  - internal/specrunner
  - internal/suite
  - internal/testingtproxy
  - internal/writer
  - reporters
  - reporters/stenographer
  - reporters/stenographer/support/go-colorable
  - reporters/stenographer/support/go-isatty
  - types
- name: github.com/onsi/gomega
  version: c893efa28eb45626cdaa76c9f653b62488858837
  subpackages:
  - format
  - internal/assertion
  - internal/asyncassertion
  - internal/oraclematcher
  - internal/testingtsupport
  - matchers
  - matchers/support/goraph/bipartitegraph
  - matchers/support/goraph/edge
  - matchers/support/goraph/node
  - matchers/support/goraph/util
  - types
- name: golang.org/x/net
  version: d866cfc389cec985d6fda2859936a575a55a3ab6
  subpackages:
  - html
  - html/atom
  - html/charset
- name: golang.org/x/sys
  version: 571f7bbbe08da2a8955aed9d4db316e78630e9a3
  subpackages:
  - unix
- name: golang.org/x/text
  version: d5a9226ed7dd70cade6ccae9d37517fe14dd9fee
  subpackages:
  - encoding
  - encoding/charmap
  - encoding/htmlindex
  - encoding/internal
  - encoding/internal/identifier
  - encoding/japanese
  - encoding/korean
  - encoding/simplifiedchinese
  - encoding/traditionalchinese
  - encoding/unicode
  - internal/tag
  - internal/utf8internal
  - language
  - runes
  - transform
- name: gopkg.in/yaml.v2
  version: 287cf08546ab5e7e37d55a84f7ed3fd1db036de5
